# This file was autogenerated by Stack.
# You should not edit this file by hand.
# For more information, please see the documentation at:
#   https://docs.haskellstack.org/en/stable/lock_files

packages:
- completed:
    name: envy
    version: 2.1.1.0
    git: https://github.com/dmjio/envy.git
    pantry-tree:
      size: 613
      sha256: dc7880c4681c765309c1a9f783a8893770f075a62f66bae52fff501fd530ac32
    commit: fdb26b132ee709819c2899f3ced906071e46a5a1
  original:
    git: https://github.com/dmjio/envy.git
    commit: fdb26b132ee709819c2899f3ced906071e46a5a1
snapshots:
- completed:
    size: 646692
    url: https://raw.githubusercontent.com/commercialhaskell/stackage-snapshots/master/nightly/2022/10/29.yaml
    sha256: 3233075571f670c32ca84e859ae121e8cb4a0cb2c2752f4afcd6195a8620f23c
  original: nightly-2022-10-29
